
Microsoft Visual Studio Solution File, Format Version 12.00
# Visual Studio 15
VisualStudioVersion = 15.0.28307.1209
MinimumVisualStudioVersion = 10.0.40219.1
Project("{FAE04EC0-301F-11D3-BF4B-00C04F79EFBC}") = "WebApplication2", "WebApplication2\WebApplication2.csproj", "{B2D20E0C-67CE-42C5-A15D-FB41F38471FD}"
EndProject
Global
	GlobalSection(SolutionConfigurationPlatforms) = preSolution
		Debug|Any CPU = Debug|Any CPU
		Release|Any CPU = Release|Any CPU
	EndGlobalSection
	GlobalSection(ProjectConfigurationPlatforms) = postSolution
		{B2D20E0C-67CE-42C5-A15D-FB41F38471FD}.Debug|Any CPU.ActiveCfg = Debug|Any CPU
		{B2D20E0C-67CE-42C5-A15D-FB41F38471FD}.Debug|Any CPU.Build.0 = Debug|Any CPU
		{B2D20E0C-67CE-42C5-A15D-FB41F38471FD}.Release|Any CPU.ActiveCfg = Release|Any CPU
		{B2D20E0C-67CE-42C5-A15D-FB41F38471FD}.Release|Any CPU.Build.0 = Release|Any CPU
	EndGlobalSection
	GlobalSection(SolutionProperties) = preSolution
		HideSolutionNode = FALSE
	EndGlobalSection
	GlobalSection(ExtensibilityGlobals) = postSolution
		SolutionGuid = {6C2F6750-0040-4660-8A56-057253B5FCFA}
	EndGlobalSection
EndGlobal
